
Microsoft Visual Studio Solution File, Format Version 12.00
# Visual Studio 15
VisualStudioVersion = 15.0.27130.2020
MinimumVisualStudioVersion = 10.0.40219.1
Project("{9A19103F-16F7-4668-BE54-9A1E7A4F7556}") = "OrmTest", "OrmTest\OrmTest.csproj", "{186B2597-9DFB-4A95-9538-B415EC5AB1F5}"
EndProject
Project("{9A19103F-16F7-4668-BE54-9A1E7A4F7556}") = "EntityFrameworkCoreTest", "EntityFrameWorkCore\EntityFrameworkCoreTest.csproj", "{19395EF5-857A-4AB6-AFA1-6E0B4E7BC510}"
EndProject
Project("{9A19103F-16F7-4668-BE54-9A1E7A4F7556}") = "DapperTest", "Dapper\DapperTest.csproj", "{B3FB581F-6F24-4FAE-ABB8-620D2613B8FE}"
EndProject
Project("{9A19103F-16F7-4668-BE54-9A1E7A4F7556}") = "Linq2DbTest", "Linq2Db\Linq2DbTest.csproj", "{3FACC9AD-1664-4A11-9275-F6C5B34D0E62}"
	ProjectSection(ProjectDependencies) = postProject
		{033D6B3E-543B-46BF-88DD-82DA1689E5C2} = {033D6B3E-543B-46BF-88DD-82DA1689E5C2}
	EndProjectSection
EndProject
Project("{9A19103F-16F7-4668-BE54-9A1E7A4F7556}") = "Data", "Data\Data.csproj", "{033D6B3E-543B-46BF-88DD-82DA1689E5C2}"
EndProject
Global
	GlobalSection(SolutionConfigurationPlatforms) = preSolution
		Debug|Any CPU = Debug|Any CPU
		Release|Any CPU = Release|Any CPU
	EndGlobalSection
	GlobalSection(ProjectConfigurationPlatforms) = postSolution
		{186B2597-9DFB-4A95-9538-B415EC5AB1F5}.Debug|Any CPU.ActiveCfg = Debug|Any CPU
		{186B2597-9DFB-4A95-9538-B415EC5AB1F5}.Debug|Any CPU.Build.0 = Debug|Any CPU
		{186B2597-9DFB-4A95-9538-B415EC5AB1F5}.Release|Any CPU.ActiveCfg = Release|Any CPU
		{186B2597-9DFB-4A95-9538-B415EC5AB1F5}.Release|Any CPU.Build.0 = Release|Any CPU
		{19395EF5-857A-4AB6-AFA1-6E0B4E7BC510}.Debug|Any CPU.ActiveCfg = Debug|Any CPU
		{19395EF5-857A-4AB6-AFA1-6E0B4E7BC510}.Debug|Any CPU.Build.0 = Debug|Any CPU
		{19395EF5-857A-4AB6-AFA1-6E0B4E7BC510}.Release|Any CPU.ActiveCfg = Release|Any CPU
		{19395EF5-857A-4AB6-AFA1-6E0B4E7BC510}.Release|Any CPU.Build.0 = Release|Any CPU
		{B3FB581F-6F24-4FAE-ABB8-620D2613B8FE}.Debug|Any CPU.ActiveCfg = Debug|Any CPU
		{B3FB581F-6F24-4FAE-ABB8-620D2613B8FE}.Debug|Any CPU.Build.0 = Debug|Any CPU
		{B3FB581F-6F24-4FAE-ABB8-620D2613B8FE}.Release|Any CPU.ActiveCfg = Release|Any CPU
		{B3FB581F-6F24-4FAE-ABB8-620D2613B8FE}.Release|Any CPU.Build.0 = Release|Any CPU
		{3FACC9AD-1664-4A11-9275-F6C5B34D0E62}.Debug|Any CPU.ActiveCfg = Debug|Any CPU
		{3FACC9AD-1664-4A11-9275-F6C5B34D0E62}.Debug|Any CPU.Build.0 = Debug|Any CPU
		{3FACC9AD-1664-4A11-9275-F6C5B34D0E62}.Release|Any CPU.ActiveCfg = Release|Any CPU
		{3FACC9AD-1664-4A11-9275-F6C5B34D0E62}.Release|Any CPU.Build.0 = Release|Any CPU
		{033D6B3E-543B-46BF-88DD-82DA1689E5C2}.Debug|Any CPU.ActiveCfg = Debug|Any CPU
		{033D6B3E-543B-46BF-88DD-82DA1689E5C2}.Debug|Any CPU.Build.0 = Debug|Any CPU
		{033D6B3E-543B-46BF-88DD-82DA1689E5C2}.Release|Any CPU.ActiveCfg = Release|Any CPU
		{033D6B3E-543B-46BF-88DD-82DA1689E5C2}.Release|Any CPU.Build.0 = Release|Any CPU
	EndGlobalSection
	GlobalSection(SolutionProperties) = preSolution
		HideSolutionNode = FALSE
	EndGlobalSection
	GlobalSection(ExtensibilityGlobals) = postSolution
		SolutionGuid = {733A38D1-C701-4E42-B8DF-C37E9FE43D54}
	EndGlobalSection
EndGlobal
